// !$*UTF8*$!
{
	archiveVersion = 1;
	classes = {
	};
	objectVersion = 56;
	objects = {

/* Begin PBXBuildFile section */
		455059DD29FDB6E200EAB07F /* SearchBar.swift in Sources */ = {isa = PBXBuildFile; fileRef = 455059DC29FDB6E200EAB07F /* SearchBar.swift */; };
		455059DF29FDC5CA00EAB07F /* PostGridView.swift in Sources */ = {isa = PBXBuildFile; fileRef = 455059DE29FDC5CA00EAB07F /* PostGridView.swift */; };
		455059E129FDD8C300EAB07F /* UserListView.swift in Sources */ = {isa = PBXBuildFile; fileRef = 455059E029FDD8C300EAB07F /* UserListView.swift */; };
		455059E329FDD8CC00EAB07F /* UserCell.swift in Sources */ = {isa = PBXBuildFile; fileRef = 455059E229FDD8CC00EAB07F /* UserCell.swift */; };
		455059E529FEC25500EAB07F /* Extensions.swift in Sources */ = {isa = PBXBuildFile; fileRef = 455059E429FEC25500EAB07F /* Extensions.swift */; };
		455059E72A001CA800EAB07F /* NotificationView.swift in Sources */ = {isa = PBXBuildFile; fileRef = 455059E62A001CA800EAB07F /* NotificationView.swift */; };
		455059E92A001DEF00EAB07F /* ProfileHeaderView.swift in Sources */ = {isa = PBXBuildFile; fileRef = 455059E82A001DEF00EAB07F /* ProfileHeaderView.swift */; };
		455059EB2A0021B900EAB07F /* UserStatView.swift in Sources */ = {isa = PBXBuildFile; fileRef = 455059EA2A0021B900EAB07F /* UserStatView.swift */; };
		455059ED2A01346500EAB07F /* ProfileActionButtonView.swift in Sources */ = {isa = PBXBuildFile; fileRef = 455059EC2A01346500EAB07F /* ProfileActionButtonView.swift */; };
		455059EF2A02B7B400EAB07F /* ImagePicker.swift in Sources */ = {isa = PBXBuildFile; fileRef = 455059EE2A02B7B400EAB07F /* ImagePicker.swift */; };
		455059F12A02D03C00EAB07F /* LoginView.swift in Sources */ = {isa = PBXBuildFile; fileRef = 455059F02A02D03C00EAB07F /* LoginView.swift */; };
		455059F32A02D04B00EAB07F /* RegistrationView.swift in Sources */ = {isa = PBXBuildFile; fileRef = 455059F22A02D04B00EAB07F /* RegistrationView.swift */; };
		455059F52A02D05700EAB07F /* ResetPasswordView.swift in Sources */ = {isa = PBXBuildFile; fileRef = 455059F42A02D05700EAB07F /* ResetPasswordView.swift */; };
		455059F72A03F36B00EAB07F /* CustomTextField.swift in Sources */ = {isa = PBXBuildFile; fileRef = 455059F62A03F36B00EAB07F /* CustomTextField.swift */; };
		455059F92A03F39600EAB07F /* CustomSecureField.swift in Sources */ = {isa = PBXBuildFile; fileRef = 455059F82A03F39600EAB07F /* CustomSecureField.swift */; };
		45D556B529FD90FB007A4B75 /* InstagramMockApp.swift in Sources */ = {isa = PBXBuildFile; fileRef = 45D556B429FD90FB007A4B75 /* InstagramMockApp.swift */; };
		45D556B929FD90FC007A4B75 /* Assets.xcassets in Resources */ = {isa = PBXBuildFile; fileRef = 45D556B829FD90FC007A4B75 /* Assets.xcassets */; };
		45D556BC29FD90FC007A4B75 /* Preview Assets.xcassets in Resources */ = {isa = PBXBuildFile; fileRef = 45D556BB29FD90FC007A4B75 /* Preview Assets.xcassets */; };
		45D556C829FD918E007A4B75 /* ContentView.swift in Sources */ = {isa = PBXBuildFile; fileRef = 45D556C729FD918E007A4B75 /* ContentView.swift */; };
		45D556D629FD9326007A4B75 /* MainTabView.swift in Sources */ = {isa = PBXBuildFile; fileRef = 45D556D529FD9326007A4B75 /* MainTabView.swift */; };
		45D556D829FD934F007A4B75 /* FeedView.swift in Sources */ = {isa = PBXBuildFile; fileRef = 45D556D729FD934F007A4B75 /* FeedView.swift */; };
		45D556DA29FD9363007A4B75 /* SearchView.swift in Sources */ = {isa = PBXBuildFile; fileRef = 45D556D929FD9363007A4B75 /* SearchView.swift */; };
		45D556DC29FD9386007A4B75 /* NotificationCell.swift in Sources */ = {isa = PBXBuildFile; fileRef = 45D556DB29FD9386007A4B75 /* NotificationCell.swift */; };
		45D556DE29FD93AD007A4B75 /* ProfileView.swift in Sources */ = {isa = PBXBuildFile; fileRef = 45D556DD29FD93AD007A4B75 /* ProfileView.swift */; };
		45D556E029FD93F6007A4B75 /* UploadPostView.swift in Sources */ = {isa = PBXBuildFile; fileRef = 45D556DF29FD93F6007A4B75 /* UploadPostView.swift */; };
		45D556E229FDA282007A4B75 /* FeedCell.swift in Sources */ = {isa = PBXBuildFile; fileRef = 45D556E129FDA282007A4B75 /* FeedCell.swift */; };
/* End PBXBuildFile section */

/* Begin PBXFileReference section */
		455059DC29FDB6E200EAB07F /* SearchBar.swift */ = {isa = PBXFileReference; lastKnownFileType = sourcecode.swift; path = SearchBar.swift; sourceTree = "<group>"; };
		455059DE29FDC5CA00EAB07F /* PostGridView.swift */ = {isa = PBXFileReference; lastKnownFileType = sourcecode.swift; path = PostGridView.swift; sourceTree = "<group>"; };
		455059E029FDD8C300EAB07F /* UserListView.swift */ = {isa = PBXFileReference; lastKnownFileType = sourcecode.swift; path = UserListView.swift; sourceTree = "<group>"; };
		455059E229FDD8CC00EAB07F /* UserCell.swift */ = {isa = PBXFileReference; lastKnownFileType = sourcecode.swift; path = UserCell.swift; sourceTree = "<group>"; };
		455059E429FEC25500EAB07F /* Extensions.swift */ = {isa = PBXFileReference; lastKnownFileType = sourcecode.swift; path = Extensions.swift; sourceTree = "<group>"; };
		455059E62A001CA800EAB07F /* NotificationView.swift */ = {isa = PBXFileReference; lastKnownFileType = sourcecode.swift; path = NotificationView.swift; sourceTree = "<group>"; };
		455059E82A001DEF00EAB07F /* ProfileHeaderView.swift */ = {isa = PBXFileReference; lastKnownFileType = sourcecode.swift; path = ProfileHeaderView.swift; sourceTree = "<group>"; };
		455059EA2A0021B900EAB07F /* UserStatView.swift */ = {isa = PBXFileReference; lastKnownFileType = sourcecode.swift; path = UserStatView.swift; sourceTree = "<group>"; };
		455059EC2A01346500EAB07F /* ProfileActionButtonView.swift */ = {isa = PBXFileReference; lastKnownFileType = sourcecode.swift; path = ProfileActionButtonView.swift; sourceTree = "<group>"; };
		455059EE2A02B7B400EAB07F /* ImagePicker.swift */ = {isa = PBXFileReference; lastKnownFileType = sourcecode.swift; path = ImagePicker.swift; sourceTree = "<group>"; };
		455059F02A02D03C00EAB07F /* LoginView.swift */ = {isa = PBXFileReference; lastKnownFileType = sourcecode.swift; path = LoginView.swift; sourceTree = "<group>"; };
		455059F22A02D04B00EAB07F /* RegistrationView.swift */ = {isa = PBXFileReference; lastKnownFileType = sourcecode.swift; path = RegistrationView.swift; sourceTree = "<group>"; };
		455059F42A02D05700EAB07F /* ResetPasswordView.swift */ = {isa = PBXFileReference; lastKnownFileType = sourcecode.swift; path = ResetPasswordView.swift; sourceTree = "<group>"; };
		455059F62A03F36B00EAB07F /* CustomTextField.swift */ = {isa = PBXFileReference; lastKnownFileType = sourcecode.swift; path = CustomTextField.swift; sourceTree = "<group>"; };
		455059F82A03F39600EAB07F /* CustomSecureField.swift */ = {isa = PBXFileReference; lastKnownFileType = sourcecode.swift; path = CustomSecureField.swift; sourceTree = "<group>"; };
		45D556B129FD90FB007A4B75 /* InstagramMock.app */ = {isa = PBXFileReference; explicitFileType = wrapper.application; includeInIndex = 0; path = InstagramMock.app; sourceTree = BUILT_PRODUCTS_DIR; };
		45D556B429FD90FB007A4B75 /* InstagramMockApp.swift */ = {isa = PBXFileReference; lastKnownFileType = sourcecode.swift; path = InstagramMockApp.swift; sourceTree = "<group>"; };
		45D556B829FD90FC007A4B75 /* Assets.xcassets */ = {isa = PBXFileReference; lastKnownFileType = folder.assetcatalog; path = Assets.xcassets; sourceTree = "<group>"; };
		45D556BB29FD90FC007A4B75 /* Preview Assets.xcassets */ = {isa = PBXFileReference; lastKnownFileType = folder.assetcatalog; path = "Preview Assets.xcassets"; sourceTree = "<group>"; };
		45D556C729FD918E007A4B75 /* ContentView.swift */ = {isa = PBXFileReference; lastKnownFileType = sourcecode.swift; path = ContentView.swift; sourceTree = "<group>"; };
		45D556D529FD9326007A4B75 /* MainTabView.swift */ = {isa = PBXFileReference; lastKnownFileType = sourcecode.swift; path = MainTabView.swift; sourceTree = "<group>"; };
		45D556D729FD934F007A4B75 /* FeedView.swift */ = {isa = PBXFileReference; lastKnownFileType = sourcecode.swift; path = FeedView.swift; sourceTree = "<group>"; };
		45D556D929FD9363007A4B75 /* SearchView.swift */ = {isa = PBXFileReference; lastKnownFileType = sourcecode.swift; path = SearchView.swift; sourceTree = "<group>"; };
		45D556DB29FD9386007A4B75 /* NotificationCell.swift */ = {isa = PBXFileReference; lastKnownFileType = sourcecode.swift; path = NotificationCell.swift; sourceTree = "<group>"; };
		45D556DD29FD93AD007A4B75 /* ProfileView.swift */ = {isa = PBXFileReference; lastKnownFileType = sourcecode.swift; path = ProfileView.swift; sourceTree = "<group>"; };
		45D556DF29FD93F6007A4B75 /* UploadPostView.swift */ = {isa = PBXFileReference; lastKnownFileType = sourcecode.swift; path = UploadPostView.swift; sourceTree = "<group>"; };
		45D556E129FDA282007A4B75 /* FeedCell.swift */ = {isa = PBXFileReference; lastKnownFileType = sourcecode.swift; path = FeedCell.swift; sourceTree = "<group>"; };
/* End PBXFileReference section */

/* Begin PBXFrameworksBuildPhase section */
		45D556AE29FD90FB007A4B75 /* Frameworks */ = {
			isa = PBXFrameworksBuildPhase;
			buildActionMask = 2147483647;
			files = (
			);
			runOnlyForDeploymentPostprocessing = 0;
		};
/* End PBXFrameworksBuildPhase section */

/* Begin PBXGroup section */
		45D556A829FD90FB007A4B75 = {
			isa = PBXGroup;
			children = (
				45D556B329FD90FB007A4B75 /* InstagramMock */,
				45D556B229FD90FB007A4B75 /* Products */,
			);
			sourceTree = "<group>";
		};
		45D556B229FD90FB007A4B75 /* Products */ = {
			isa = PBXGroup;
			children = (
				45D556B129FD90FB007A4B75 /* InstagramMock.app */,
			);
			name = Products;
			sourceTree = "<group>";
		};
		45D556B329FD90FB007A4B75 /* InstagramMock */ = {
			isa = PBXGroup;
			children = (
				45D556B429FD90FB007A4B75 /* InstagramMockApp.swift */,
				45D556C529FD9140007A4B75 /* API */,
				45D556C429FD913F007A4B75 /* ViewModel */,
				45D556C329FD913F007A4B75 /* View */,
				45D556C229FD913E007A4B75 /* Model */,
				45D556C629FD9141007A4B75 /* Utils */,
				45D556B829FD90FC007A4B75 /* Assets.xcassets */,
				45D556BA29FD90FC007A4B75 /* Preview Content */,
			);
			path = InstagramMock;
			sourceTree = "<group>";
		};
		45D556BA29FD90FC007A4B75 /* Preview Content */ = {
			isa = PBXGroup;
			children = (
				45D556BB29FD90FC007A4B75 /* Preview Assets.xcassets */,
			);
			path = "Preview Content";
			sourceTree = "<group>";
		};
		45D556C229FD913E007A4B75 /* Model */ = {
			isa = PBXGroup;
			children = (
			);
			path = Model;
			sourceTree = "<group>";
		};
		45D556C329FD913F007A4B75 /* View */ = {
			isa = PBXGroup;
			children = (
				45D556D029FD91EB007A4B75 /* Notification */,
				45D556CF29FD91D7007A4B75 /* Items */,
				45D556CE29FD91CD007A4B75 /* Profile */,
				45D556CD29FD91C4007A4B75 /* Authentification */,
				45D556CC29FD91BC007A4B75 /* Search */,
				45D556CB29FD91B7007A4B75 /* Feed */,
				45D556CA29FD91AB007A4B75 /* UploadPost */,
				45D556C929FD919C007A4B75 /* Main */,
			);
			path = View;
			sourceTree = "<group>";
		};
		45D556C429FD913F007A4B75 /* ViewModel */ = {
			isa = PBXGroup;
			children = (
				45D556D429FD9226007A4B75 /* Profile */,
				45D556D329FD9217007A4B75 /* Authentification */,
				45D556D229FD920D007A4B75 /* Notifications */,
				45D556D129FD9208007A4B75 /* Feed */,
			);
			path = ViewModel;
			sourceTree = "<group>";
		};
		45D556C529FD9140007A4B75 /* API */ = {
			isa = PBXGroup;
			children = (
			);
			path = API;
			sourceTree = "<group>";
		};
		45D556C629FD9141007A4B75 /* Utils */ = {
			isa = PBXGroup;
			children = (
				455059E429FEC25500EAB07F /* Extensions.swift */,
				455059EE2A02B7B400EAB07F /* ImagePicker.swift */,
				455059F62A03F36B00EAB07F /* CustomTextField.swift */,
				455059F82A03F39600EAB07F /* CustomSecureField.swift */,
			);
			path = Utils;
			sourceTree = "<group>";
		};
		45D556C929FD919C007A4B75 /* Main */ = {
			isa = PBXGroup;
			children = (
				45D556C729FD918E007A4B75 /* ContentView.swift */,
				45D556D529FD9326007A4B75 /* MainTabView.swift */,
			);
			path = Main;
			sourceTree = "<group>";
		};
		45D556CA29FD91AB007A4B75 /* UploadPost */ = {
			isa = PBXGroup;
			children = (
				45D556DF29FD93F6007A4B75 /* UploadPostView.swift */,
			);
			path = UploadPost;
			sourceTree = "<group>";
		};
		45D556CB29FD91B7007A4B75 /* Feed */ = {
			isa = PBXGroup;
			children = (
				45D556D729FD934F007A4B75 /* FeedView.swift */,
				45D556E129FDA282007A4B75 /* FeedCell.swift */,
			);
			path = Feed;
			sourceTree = "<group>";
		};
		45D556CC29FD91BC007A4B75 /* Search */ = {
			isa = PBXGroup;
			children = (
				45D556D929FD9363007A4B75 /* SearchView.swift */,
				455059DC29FDB6E200EAB07F /* SearchBar.swift */,
			);
			path = Search;
			sourceTree = "<group>";
		};
		45D556CD29FD91C4007A4B75 /* Authentification */ = {
			isa = PBXGroup;
			children = (
				455059F02A02D03C00EAB07F /* LoginView.swift */,
				455059F22A02D04B00EAB07F /* RegistrationView.swift */,
				455059F42A02D05700EAB07F /* ResetPasswordView.swift */,
			);
			path = Authentification;
			sourceTree = "<group>";
		};
		45D556CE29FD91CD007A4B75 /* Profile */ = {
			isa = PBXGroup;
			children = (
				45D556DD29FD93AD007A4B75 /* ProfileView.swift */,
				455059E82A001DEF00EAB07F /* ProfileHeaderView.swift */,
				455059EA2A0021B900EAB07F /* UserStatView.swift */,
				455059EC2A01346500EAB07F /* ProfileActionButtonView.swift */,
			);
			path = Profile;
			sourceTree = "<group>";
		};
		45D556CF29FD91D7007A4B75 /* Items */ = {
			isa = PBXGroup;
			children = (
				455059DE29FDC5CA00EAB07F /* PostGridView.swift */,
				455059E029FDD8C300EAB07F /* UserListView.swift */,
				455059E229FDD8CC00EAB07F /* UserCell.swift */,
			);
			path = Items;
			sourceTree = "<group>";
		};
		45D556D029FD91EB007A4B75 /* Notification */ = {
			isa = PBXGroup;
			children = (
				455059E62A001CA800EAB07F /* NotificationView.swift */,
				45D556DB29FD9386007A4B75 /* NotificationCell.swift */,
			);
			path = Notification;
			sourceTree = "<group>";
		};
		45D556D129FD9208007A4B75 /* Feed */ = {
			isa = PBXGroup;
			children = (
			);
			path = Feed;
			sourceTree = "<group>";
		};
		45D556D229FD920D007A4B75 /* Notifications */ = {
			isa = PBXGroup;
			children = (
			);
			path = Notifications;
			sourceTree = "<group>";
		};
		45D556D329FD9217007A4B75 /* Authentification */ = {
			isa = PBXGroup;
			children = (
			);
			path = Authentification;
			sourceTree = "<group>";
		};
		45D556D429FD9226007A4B75 /* Profile */ = {
			isa = PBXGroup;
			children = (
			);
			path = Profile;
			sourceTree = "<group>";
		};
/* End PBXGroup section */

/* Begin PBXNativeTarget section */
		45D556B029FD90FB007A4B75 /* InstagramMock */ = {
			isa = PBXNativeTarget;
			buildConfigurationList = 45D556BF29FD90FC007A4B75 /* Build configuration list for PBXNativeTarget "InstagramMock" */;
			buildPhases = (
				45D556AD29FD90FB007A4B75 /* Sources */,
				45D556AE29FD90FB007A4B75 /* Frameworks */,
				45D556AF29FD90FB007A4B75 /* Resources */,
			);
			buildRules = (
			);
			dependencies = (
			);
			name = InstagramMock;
			productName = InstagramMock;
			productReference = 45D556B129FD90FB007A4B75 /* InstagramMock.app */;
			productType = "com.apple.product-type.application";
		};
/* End PBXNativeTarget section */

/* Begin PBXProject section */
		45D556A929FD90FB007A4B75 /* Project object */ = {
			isa = PBXProject;
			attributes = {
				BuildIndependentTargetsInParallel = 1;
				LastSwiftUpdateCheck = 1400;
				LastUpgradeCheck = 1400;
				TargetAttributes = {
					45D556B029FD90FB007A4B75 = {
						CreatedOnToolsVersion = 14.0;
					};
				};
			};
			buildConfigurationList = 45D556AC29FD90FB007A4B75 /* Build configuration list for PBXProject "InstagramMock" */;
			compatibilityVersion = "Xcode 14.0";
			developmentRegion = en;
			hasScannedForEncodings = 0;
			knownRegions = (
				en,
				Base,
			);
			mainGroup = 45D556A829FD90FB007A4B75;
			productRefGroup = 45D556B229FD90FB007A4B75 /* Products */;
			projectDirPath = "";
			projectRoot = "";
			targets = (
				45D556B029FD90FB007A4B75 /* InstagramMock */,
			);
		};
/* End PBXProject section */

/* Begin PBXResourcesBuildPhase section */
		45D556AF29FD90FB007A4B75 /* Resources */ = {
			isa = PBXResourcesBuildPhase;
			buildActionMask = 2147483647;
			files = (
				45D556BC29FD90FC007A4B75 /* Preview Assets.xcassets in Resources */,
				45D556B929FD90FC007A4B75 /* Assets.xcassets in Resources */,
			);
			runOnlyForDeploymentPostprocessing = 0;
		};
/* End PBXResourcesBuildPhase section */

/* Begin PBXSourcesBuildPhase section */
		45D556AD29FD90FB007A4B75 /* Sources */ = {
			isa = PBXSourcesBuildPhase;
			buildActionMask = 2147483647;
			files = (
				45D556DA29FD9363007A4B75 /* SearchView.swift in Sources */,
				455059E329FDD8CC00EAB07F /* UserCell.swift in Sources */,
				45D556D829FD934F007A4B75 /* FeedView.swift in Sources */,
				455059F32A02D04B00EAB07F /* RegistrationView.swift in Sources */,
				455059F72A03F36B00EAB07F /* CustomTextField.swift in Sources */,
				455059DF29FDC5CA00EAB07F /* PostGridView.swift in Sources */,
				45D556C829FD918E007A4B75 /* ContentView.swift in Sources */,
				45D556B529FD90FB007A4B75 /* InstagramMockApp.swift in Sources */,
				455059F52A02D05700EAB07F /* ResetPasswordView.swift in Sources */,
				45D556D629FD9326007A4B75 /* MainTabView.swift in Sources */,
				455059EF2A02B7B400EAB07F /* ImagePicker.swift in Sources */,
				455059E92A001DEF00EAB07F /* ProfileHeaderView.swift in Sources */,
				45D556E029FD93F6007A4B75 /* UploadPostView.swift in Sources */,
				455059EB2A0021B900EAB07F /* UserStatView.swift in Sources */,
				455059ED2A01346500EAB07F /* ProfileActionButtonView.swift in Sources */,
				455059E129FDD8C300EAB07F /* UserListView.swift in Sources */,
				455059F92A03F39600EAB07F /* CustomSecureField.swift in Sources */,
				45D556DE29FD93AD007A4B75 /* ProfileView.swift in Sources */,
				455059DD29FDB6E200EAB07F /* SearchBar.swift in Sources */,
				45D556DC29FD9386007A4B75 /* NotificationCell.swift in Sources */,
				45D556E229FDA282007A4B75 /* FeedCell.swift in Sources */,
				455059E529FEC25500EAB07F /* Extensions.swift in Sources */,
				455059F12A02D03C00EAB07F /* LoginView.swift in Sources */,
				455059E72A001CA800EAB07F /* NotificationView.swift in Sources */,
			);
			runOnlyForDeploymentPostprocessing = 0;
		};
/* End PBXSourcesBuildPhase section */

/* Begin XCBuildConfiguration section */
		45D556BD29FD90FC007A4B75 /* Debug */ = {
			isa = XCBuildConfiguration;
			buildSettings = {
				ALWAYS_SEARCH_USER_PATHS = NO;
				CLANG_ANALYZER_NONNULL = YES;
				CLANG_ANALYZER_NUMBER_OBJECT_CONVERSION = YES_AGGRESSIVE;
				CLANG_CXX_LANGUAGE_STANDARD = "gnu++20";
				CLANG_ENABLE_MODULES = YES;
				CLANG_ENABLE_OBJC_ARC = YES;
				CLANG_ENABLE_OBJC_WEAK = YES;
				CLANG_WARN_BLOCK_CAPTURE_AUTORELEASING = YES;
				CLANG_WARN_BOOL_CONVERSION = YES;
				CLANG_WARN_COMMA = YES;
				CLANG_WARN_CONSTANT_CONVERSION = YES;
				CLANG_WARN_DEPRECATED_OBJC_IMPLEMENTATIONS = YES;
				CLANG_WARN_DIRECT_OBJC_ISA_USAGE = YES_ERROR;
				CLANG_WARN_DOCUMENTATION_COMMENTS = YES;
				CLANG_WARN_EMPTY_BODY = YES;
				CLANG_WARN_ENUM_CONVERSION = YES;
				CLANG_WARN_INFINITE_RECURSION = YES;
				CLANG_WARN_INT_CONVERSION = YES;
				CLANG_WARN_NON_LITERAL_NULL_CONVERSION = YES;
				CLANG_WARN_OBJC_IMPLICIT_RETAIN_SELF = YES;
				CLANG_WARN_OBJC_LITERAL_CONVERSION = YES;
				CLANG_WARN_OBJC_ROOT_CLASS = YES_ERROR;
				CLANG_WARN_QUOTED_INCLUDE_IN_FRAMEWORK_HEADER = YES;
				CLANG_WARN_RANGE_LOOP_ANALYSIS = YES;
				CLANG_WARN_STRICT_PROTOTYPES = YES;
				CLANG_WARN_SUSPICIOUS_MOVE = YES;
				CLANG_WARN_UNGUARDED_AVAILABILITY = YES_AGGRESSIVE;
				CLANG_WARN_UNREACHABLE_CODE = YES;
				CLANG_WARN__DUPLICATE_METHOD_MATCH = YES;
				COPY_PHASE_STRIP = NO;
				DEBUG_INFORMATION_FORMAT = dwarf;
				ENABLE_STRICT_OBJC_MSGSEND = YES;
				ENABLE_TESTABILITY = YES;
				GCC_C_LANGUAGE_STANDARD = gnu11;
				GCC_DYNAMIC_NO_PIC = NO;
				GCC_NO_COMMON_BLOCKS = YES;
				GCC_OPTIMIZATION_LEVEL = 0;
				GCC_PREPROCESSOR_DEFINITIONS = (
					"DEBUG=1",
					"$(inherited)",
				);
				GCC_WARN_64_TO_32_BIT_CONVERSION = YES;
				GCC_WARN_ABOUT_RETURN_TYPE = YES_ERROR;
				GCC_WARN_UNDECLARED_SELECTOR = YES;
				GCC_WARN_UNINITIALIZED_AUTOS = YES_AGGRESSIVE;
				GCC_WARN_UNUSED_FUNCTION = YES;
				GCC_WARN_UNUSED_VARIABLE = YES;
				IPHONEOS_DEPLOYMENT_TARGET = 16.0;
				MTL_ENABLE_DEBUG_INFO = INCLUDE_SOURCE;
				MTL_FAST_MATH = YES;
				ONLY_ACTIVE_ARCH = YES;
				SDKROOT = iphoneos;
				SWIFT_ACTIVE_COMPILATION_CONDITIONS = DEBUG;
				SWIFT_OPTIMIZATION_LEVEL = "-Onone";
			};
			name = Debug;
		};
		45D556BE29FD90FC007A4B75 /* Release */ = {
			isa = XCBuildConfiguration;
			buildSettings = {
				ALWAYS_SEARCH_USER_PATHS = NO;
				CLANG_ANALYZER_NONNULL = YES;
				CLANG_ANALYZER_NUMBER_OBJECT_CONVERSION = YES_AGGRESSIVE;
				CLANG_CXX_LANGUAGE_STANDARD = "gnu++20";
				CLANG_ENABLE_MODULES = YES;
				CLANG_ENABLE_OBJC_ARC = YES;
				CLANG_ENABLE_OBJC_WEAK = YES;
				CLANG_WARN_BLOCK_CAPTURE_AUTORELEASING = YES;
				CLANG_WARN_BOOL_CONVERSION = YES;
				CLANG_WARN_COMMA = YES;
				CLANG_WARN_CONSTANT_CONVERSION = YES;
				CLANG_WARN_DEPRECATED_OBJC_IMPLEMENTATIONS = YES;
				CLANG_WARN_DIRECT_OBJC_ISA_USAGE = YES_ERROR;
				CLANG_WARN_DOCUMENTATION_COMMENTS = YES;
				CLANG_WARN_EMPTY_BODY = YES;
				CLANG_WARN_ENUM_CONVERSION = YES;
				CLANG_WARN_INFINITE_RECURSION = YES;
				CLANG_WARN_INT_CONVERSION = YES;
				CLANG_WARN_NON_LITERAL_NULL_CONVERSION = YES;
				CLANG_WARN_OBJC_IMPLICIT_RETAIN_SELF = YES;
				CLANG_WARN_OBJC_LITERAL_CONVERSION = YES;
				CLANG_WARN_OBJC_ROOT_CLASS = YES_ERROR;
				CLANG_WARN_QUOTED_INCLUDE_IN_FRAMEWORK_HEADER = YES;
				CLANG_WARN_RANGE_LOOP_ANALYSIS = YES;
				CLANG_WARN_STRICT_PROTOTYPES = YES;
				CLANG_WARN_SUSPICIOUS_MOVE = YES;
				CLANG_WARN_UNGUARDED_AVAILABILITY = YES_AGGRESSIVE;
				CLANG_WARN_UNREACHABLE_CODE = YES;
				CLANG_WARN__DUPLICATE_METHOD_MATCH = YES;
				COPY_PHASE_STRIP = NO;
				DEBUG_INFORMATION_FORMAT = "dwarf-with-dsym";
				ENABLE_NS_ASSERTIONS = NO;
				ENABLE_STRICT_OBJC_MSGSEND = YES;
				GCC_C_LANGUAGE_STANDARD = gnu11;
				GCC_NO_COMMON_BLOCKS = YES;
				GCC_WARN_64_TO_32_BIT_CONVERSION = YES;
				GCC_WARN_ABOUT_RETURN_TYPE = YES_ERROR;
				GCC_WARN_UNDECLARED_SELECTOR = YES;
				GCC_WARN_UNINITIALIZED_AUTOS = YES_AGGRESSIVE;
				GCC_WARN_UNUSED_FUNCTION = YES;
				GCC_WARN_UNUSED_VARIABLE = YES;
				IPHONEOS_DEPLOYMENT_TARGET = 16.0;
				MTL_ENABLE_DEBUG_INFO = NO;
				MTL_FAST_MATH = YES;
				SDKROOT = iphoneos;
				SWIFT_COMPILATION_MODE = wholemodule;
				SWIFT_OPTIMIZATION_LEVEL = "-O";
				VALIDATE_PRODUCT = YES;
			};
			name = Release;
		};
		45D556C029FD90FC007A4B75 /* Debug */ = {
			isa = XCBuildConfiguration;
			buildSettings = {
				ASSETCATALOG_COMPILER_APPICON_NAME = AppIcon;
				ASSETCATALOG_COMPILER_GLOBAL_ACCENT_COLOR_NAME = AccentColor;
				CODE_SIGN_STYLE = Automatic;
				CURRENT_PROJECT_VERSION = 1;
				DEVELOPMENT_ASSET_PATHS = "\"InstagramMock/Preview Content\"";
				DEVELOPMENT_TEAM = 7XGX6TD7GL;
				ENABLE_PREVIEWS = YES;
				GENERATE_INFOPLIST_FILE = YES;
				INFOPLIST_KEY_UIApplicationSceneManifest_Generation = YES;
				INFOPLIST_KEY_UIApplicationSupportsIndirectInputEvents = YES;
				INFOPLIST_KEY_UILaunchScreen_Generation = YES;
				INFOPLIST_KEY_UISupportedInterfaceOrientations_iPad = "UIInterfaceOrientationPortrait UIInterfaceOrientationPortraitUpsideDown UIInterfaceOrientationLandscapeLeft UIInterfaceOrientationLandscapeRight";
				INFOPLIST_KEY_UISupportedInterfaceOrientations_iPhone = "UIInterfaceOrientationPortrait UIInterfaceOrientationLandscapeLeft UIInterfaceOrientationLandscapeRight";
				LD_RUNPATH_SEARCH_PATHS = (
					"$(inherited)",
					"@executable_path/Frameworks",
				);
				MARKETING_VERSION = 1.0;
				PRODUCT_BUNDLE_IDENTIFIER = com.224apps.InstagramMock;
				PRODUCT_NAME = "$(TARGET_NAME)";
				SWIFT_EMIT_LOC_STRINGS = YES;
				SWIFT_VERSION = 5.0;
				TARGETED_DEVICE_FAMILY = "1,2";
			};
			name = Debug;
		};
		45D556C129FD90FC007A4B75 /* Release */ = {
			isa = XCBuildConfiguration;
			buildSettings = {
				ASSETCATALOG_COMPILER_APPICON_NAME = AppIcon;
				ASSETCATALOG_COMPILER_GLOBAL_ACCENT_COLOR_NAME = AccentColor;
				CODE_SIGN_STYLE = Automatic;
				CURRENT_PROJECT_VERSION = 1;
				DEVELOPMENT_ASSET_PATHS = "\"InstagramMock/Preview Content\"";
				DEVELOPMENT_TEAM = 7XGX6TD7GL;
				ENABLE_PREVIEWS = YES;
				GENERATE_INFOPLIST_FILE = YES;
				INFOPLIST_KEY_UIApplicationSceneManifest_Generation = YES;
				INFOPLIST_KEY_UIApplicationSupportsIndirectInputEvents = YES;
				INFOPLIST_KEY_UILaunchScreen_Generation = YES;
				INFOPLIST_KEY_UISupportedInterfaceOrientations_iPad = "UIInterfaceOrientationPortrait UIInterfaceOrientationPortraitUpsideDown UIInterfaceOrientationLandscapeLeft UIInterfaceOrientationLandscapeRight";
				INFOPLIST_KEY_UISupportedInterfaceOrientations_iPhone = "UIInterfaceOrientationPortrait UIInterfaceOrientationLandscapeLeft UIInterfaceOrientationLandscapeRight";
				LD_RUNPATH_SEARCH_PATHS = (
					"$(inherited)",
					"@executable_path/Frameworks",
				);
				MARKETING_VERSION = 1.0;
				PRODUCT_BUNDLE_IDENTIFIER = com.224apps.InstagramMock;
				PRODUCT_NAME = "$(TARGET_NAME)";
				SWIFT_EMIT_LOC_STRINGS = YES;
				SWIFT_VERSION = 5.0;
				TARGETED_DEVICE_FAMILY = "1,2";
			};
			name = Release;
		};
/* End XCBuildConfiguration section */

/* Begin XCConfigurationList section */
		45D556AC29FD90FB007A4B75 /* Build configuration list for PBXProject "InstagramMock" */ = {
			isa = XCConfigurationList;
			buildConfigurations = (
				45D556BD29FD90FC007A4B75 /* Debug */,
				45D556BE29FD90FC007A4B75 /* Release */,
			);
			defaultConfigurationIsVisible = 0;
			defaultConfigurationName = Release;
		};
		45D556BF29FD90FC007A4B75 /* Build configuration list for PBXNativeTarget "InstagramMock" */ = {
			isa = XCConfigurationList;
			buildConfigurations = (
				45D556C029FD90FC007A4B75 /* Debug */,
				45D556C129FD90FC007A4B75 /* Release */,
			);
			defaultConfigurationIsVisible = 0;
			defaultConfigurationName = Release;
		};
/* End XCConfigurationList section */
	};
	rootObject = 45D556A929FD90FB007A4B75 /* Project object */;
}
